
Microsoft Visual Studio Solution File, Format Version 12.00
# Visual Studio Version 17
VisualStudioVersion = 17.11.35312.102
MinimumVisualStudioVersion = 10.0.40219.1
Project("{FAE04EC0-301F-11D3-BF4B-00C04F79EFBC}") = "01", "01\01.csproj", "{8D3B128E-2A20-4761-82E8-4DED3A8B8C74}"
EndProject
Project("{FAE04EC0-301F-11D3-BF4B-00C04F79EFBC}") = "01.Tests", "01.Tests\01.Tests.csproj", "{75B2B09F-5B4E-4791-A277-CC17598F192C}"
EndProject
Project("{FAE04EC0-301F-11D3-BF4B-00C04F79EFBC}") = "02", "02\02.csproj", "{E7726640-DA56-40BE-9F8A-008EE20F72C3}"
EndProject
Project("{FAE04EC0-301F-11D3-BF4B-00C04F79EFBC}") = "02.Tests", "02.Tests\02.Tests.csproj", "{75B3639F-D1AE-4A28-84CF-C9BF47BE913C}"
EndProject
Project("{FAE04EC0-301F-11D3-BF4B-00C04F79EFBC}") = "03", "03\03.csproj", "{9FFD13BC-FBC6-4F87-993F-B51F38DFDFB3}"
EndProject
Project("{FAE04EC0-301F-11D3-BF4B-00C04F79EFBC}") = "03.Tests", "03.Tests\03.Tests.csproj", "{EF844CD5-B30A-400A-B95D-E47E73C71AF0}"
EndProject
Project("{FAE04EC0-301F-11D3-BF4B-00C04F79EFBC}") = "04", "04\04.csproj", "{09891EEF-8258-4C2D-9779-1594524BD4FD}"
EndProject
Project("{FAE04EC0-301F-11D3-BF4B-00C04F79EFBC}") = "04.Tests", "04.Tests\04.Tests.csproj", "{C90B9C11-C96E-4137-804C-AF483E32CE65}"
EndProject
Project("{FAE04EC0-301F-11D3-BF4B-00C04F79EFBC}") = "05", "05\05.csproj", "{BCA7B5CB-DDA7-4C44-AE8A-EC856A052FD7}"
EndProject
Project("{FAE04EC0-301F-11D3-BF4B-00C04F79EFBC}") = "05.Tests", "05.Tests\05.Tests.csproj", "{DEE1974C-90D2-48CB-9755-2AFEE11B4811}"
EndProject
Project("{FAE04EC0-301F-11D3-BF4B-00C04F79EFBC}") = "06", "06\06.csproj", "{51E33472-B1D0-4A55-A228-163924FCBE37}"
EndProject
Project("{FAE04EC0-301F-11D3-BF4B-00C04F79EFBC}") = "06.Tests", "06.Tests\06.Tests.csproj", "{59F6A3A2-0ED1-4C34-BDE7-DBD96D0C4A53}"
EndProject
Project("{FAE04EC0-301F-11D3-BF4B-00C04F79EFBC}") = "07", "07\07.csproj", "{E9DA9CBD-217B-40CA-89FA-7074F9082AA5}"
EndProject
Project("{FAE04EC0-301F-11D3-BF4B-00C04F79EFBC}") = "07.Tests", "07.Tests\07.Tests.csproj", "{1B08B84C-2189-4706-BAA1-72F9B3EDCAA2}"
EndProject
Project("{FAE04EC0-301F-11D3-BF4B-00C04F79EFBC}") = "08", "08\08.csproj", "{34A498CC-8C5F-45D6-8509-44120D0B4B13}"
EndProject
Project("{FAE04EC0-301F-11D3-BF4B-00C04F79EFBC}") = "08.Tests", "08.Tests\08.Tests.csproj", "{FD6612CD-65F8-4647-934F-02A4FA84CD3C}"
EndProject
Global
	GlobalSection(SolutionConfigurationPlatforms) = preSolution
		Debug|Any CPU = Debug|Any CPU
		Release|Any CPU = Release|Any CPU
	EndGlobalSection
	GlobalSection(ProjectConfigurationPlatforms) = postSolution
		{8D3B128E-2A20-4761-82E8-4DED3A8B8C74}.Debug|Any CPU.ActiveCfg = Debug|Any CPU
		{8D3B128E-2A20-4761-82E8-4DED3A8B8C74}.Debug|Any CPU.Build.0 = Debug|Any CPU
		{8D3B128E-2A20-4761-82E8-4DED3A8B8C74}.Release|Any CPU.ActiveCfg = Release|Any CPU
		{8D3B128E-2A20-4761-82E8-4DED3A8B8C74}.Release|Any CPU.Build.0 = Release|Any CPU
		{75B2B09F-5B4E-4791-A277-CC17598F192C}.Debug|Any CPU.ActiveCfg = Debug|Any CPU
		{75B2B09F-5B4E-4791-A277-CC17598F192C}.Debug|Any CPU.Build.0 = Debug|Any CPU
		{75B2B09F-5B4E-4791-A277-CC17598F192C}.Release|Any CPU.ActiveCfg = Release|Any CPU
		{75B2B09F-5B4E-4791-A277-CC17598F192C}.Release|Any CPU.Build.0 = Release|Any CPU
		{E7726640-DA56-40BE-9F8A-008EE20F72C3}.Debug|Any CPU.ActiveCfg = Debug|Any CPU
		{E7726640-DA56-40BE-9F8A-008EE20F72C3}.Debug|Any CPU.Build.0 = Debug|Any CPU
		{E7726640-DA56-40BE-9F8A-008EE20F72C3}.Release|Any CPU.ActiveCfg = Release|Any CPU
		{E7726640-DA56-40BE-9F8A-008EE20F72C3}.Release|Any CPU.Build.0 = Release|Any CPU
		{75B3639F-D1AE-4A28-84CF-C9BF47BE913C}.Debug|Any CPU.ActiveCfg = Debug|Any CPU
		{75B3639F-D1AE-4A28-84CF-C9BF47BE913C}.Debug|Any CPU.Build.0 = Debug|Any CPU
		{75B3639F-D1AE-4A28-84CF-C9BF47BE913C}.Release|Any CPU.ActiveCfg = Release|Any CPU
		{75B3639F-D1AE-4A28-84CF-C9BF47BE913C}.Release|Any CPU.Build.0 = Release|Any CPU
		{9FFD13BC-FBC6-4F87-993F-B51F38DFDFB3}.Debug|Any CPU.ActiveCfg = Debug|Any CPU
		{9FFD13BC-FBC6-4F87-993F-B51F38DFDFB3}.Debug|Any CPU.Build.0 = Debug|Any CPU
		{9FFD13BC-FBC6-4F87-993F-B51F38DFDFB3}.Release|Any CPU.ActiveCfg = Release|Any CPU
		{9FFD13BC-FBC6-4F87-993F-B51F38DFDFB3}.Release|Any CPU.Build.0 = Release|Any CPU
		{EF844CD5-B30A-400A-B95D-E47E73C71AF0}.Debug|Any CPU.ActiveCfg = Debug|Any CPU
		{EF844CD5-B30A-400A-B95D-E47E73C71AF0}.Debug|Any CPU.Build.0 = Debug|Any CPU
		{EF844CD5-B30A-400A-B95D-E47E73C71AF0}.Release|Any CPU.ActiveCfg = Release|Any CPU
		{EF844CD5-B30A-400A-B95D-E47E73C71AF0}.Release|Any CPU.Build.0 = Release|Any CPU
		{09891EEF-8258-4C2D-9779-1594524BD4FD}.Debug|Any CPU.ActiveCfg = Debug|Any CPU
		{09891EEF-8258-4C2D-9779-1594524BD4FD}.Debug|Any CPU.Build.0 = Debug|Any CPU
		{09891EEF-8258-4C2D-9779-1594524BD4FD}.Release|Any CPU.ActiveCfg = Release|Any CPU
		{09891EEF-8258-4C2D-9779-1594524BD4FD}.Release|Any CPU.Build.0 = Release|Any CPU
		{C90B9C11-C96E-4137-804C-AF483E32CE65}.Debug|Any CPU.ActiveCfg = Debug|Any CPU
		{C90B9C11-C96E-4137-804C-AF483E32CE65}.Debug|Any CPU.Build.0 = Debug|Any CPU
		{C90B9C11-C96E-4137-804C-AF483E32CE65}.Release|Any CPU.ActiveCfg = Release|Any CPU
		{C90B9C11-C96E-4137-804C-AF483E32CE65}.Release|Any CPU.Build.0 = Release|Any CPU
		{BCA7B5CB-DDA7-4C44-AE8A-EC856A052FD7}.Debug|Any CPU.ActiveCfg = Debug|Any CPU
		{BCA7B5CB-DDA7-4C44-AE8A-EC856A052FD7}.Debug|Any CPU.Build.0 = Debug|Any CPU
		{BCA7B5CB-DDA7-4C44-AE8A-EC856A052FD7}.Release|Any CPU.ActiveCfg = Release|Any CPU
		{BCA7B5CB-DDA7-4C44-AE8A-EC856A052FD7}.Release|Any CPU.Build.0 = Release|Any CPU
		{DEE1974C-90D2-48CB-9755-2AFEE11B4811}.Debug|Any CPU.ActiveCfg = Debug|Any CPU
		{DEE1974C-90D2-48CB-9755-2AFEE11B4811}.Debug|Any CPU.Build.0 = Debug|Any CPU
		{DEE1974C-90D2-48CB-9755-2AFEE11B4811}.Release|Any CPU.ActiveCfg = Release|Any CPU
		{DEE1974C-90D2-48CB-9755-2AFEE11B4811}.Release|Any CPU.Build.0 = Release|Any CPU
		{51E33472-B1D0-4A55-A228-163924FCBE37}.Debug|Any CPU.ActiveCfg = Debug|Any CPU
		{51E33472-B1D0-4A55-A228-163924FCBE37}.Debug|Any CPU.Build.0 = Debug|Any CPU
		{51E33472-B1D0-4A55-A228-163924FCBE37}.Release|Any CPU.ActiveCfg = Release|Any CPU
		{51E33472-B1D0-4A55-A228-163924FCBE37}.Release|Any CPU.Build.0 = Release|Any CPU
		{59F6A3A2-0ED1-4C34-BDE7-DBD96D0C4A53}.Debug|Any CPU.ActiveCfg = Debug|Any CPU
		{59F6A3A2-0ED1-4C34-BDE7-DBD96D0C4A53}.Debug|Any CPU.Build.0 = Debug|Any CPU
		{59F6A3A2-0ED1-4C34-BDE7-DBD96D0C4A53}.Release|Any CPU.ActiveCfg = Release|Any CPU
		{59F6A3A2-0ED1-4C34-BDE7-DBD96D0C4A53}.Release|Any CPU.Build.0 = Release|Any CPU
		{E9DA9CBD-217B-40CA-89FA-7074F9082AA5}.Debug|Any CPU.ActiveCfg = Debug|Any CPU
		{E9DA9CBD-217B-40CA-89FA-7074F9082AA5}.Debug|Any CPU.Build.0 = Debug|Any CPU
		{E9DA9CBD-217B-40CA-89FA-7074F9082AA5}.Release|Any CPU.ActiveCfg = Release|Any CPU
		{E9DA9CBD-217B-40CA-89FA-7074F9082AA5}.Release|Any CPU.Build.0 = Release|Any CPU
		{1B08B84C-2189-4706-BAA1-72F9B3EDCAA2}.Debug|Any CPU.ActiveCfg = Debug|Any CPU
		{1B08B84C-2189-4706-BAA1-72F9B3EDCAA2}.Debug|Any CPU.Build.0 = Debug|Any CPU
		{1B08B84C-2189-4706-BAA1-72F9B3EDCAA2}.Release|Any CPU.ActiveCfg = Release|Any CPU
		{1B08B84C-2189-4706-BAA1-72F9B3EDCAA2}.Release|Any CPU.Build.0 = Release|Any CPU
		{34A498CC-8C5F-45D6-8509-44120D0B4B13}.Debug|Any CPU.ActiveCfg = Debug|Any CPU
		{34A498CC-8C5F-45D6-8509-44120D0B4B13}.Debug|Any CPU.Build.0 = Debug|Any CPU
		{34A498CC-8C5F-45D6-8509-44120D0B4B13}.Release|Any CPU.ActiveCfg = Release|Any CPU
		{34A498CC-8C5F-45D6-8509-44120D0B4B13}.Release|Any CPU.Build.0 = Release|Any CPU
		{FD6612CD-65F8-4647-934F-02A4FA84CD3C}.Debug|Any CPU.ActiveCfg = Debug|Any CPU
		{FD6612CD-65F8-4647-934F-02A4FA84CD3C}.Debug|Any CPU.Build.0 = Debug|Any CPU
		{FD6612CD-65F8-4647-934F-02A4FA84CD3C}.Release|Any CPU.ActiveCfg = Release|Any CPU
		{FD6612CD-65F8-4647-934F-02A4FA84CD3C}.Release|Any CPU.Build.0 = Release|Any CPU
	EndGlobalSection
	GlobalSection(SolutionProperties) = preSolution
		HideSolutionNode = FALSE
	EndGlobalSection
	GlobalSection(ExtensibilityGlobals) = postSolution
		SolutionGuid = {4C156219-4AE2-4EB4-A3E3-3A92CC8E1C16}
	EndGlobalSection
EndGlobal
